{
    "_readme": [
        "This file locks the dependencies of your project to a known state",
        "Read more about it at https://getcomposer.org/doc/01-basic-usage.md#installing-dependencies",
        "This file is @generated automatically"
    ],
    "content-hash": "dc308e247123efd6a81e7664b9ad458e",
    "packages": [
        {
            "name": "components/jquery",
            "version": "3.6.0",
            "source": {
                "type": "git",
                "url": "https://github.com/components/jquery.git",
                "reference": "6cf38ee1fd04b6adf8e7dda161283aa35be818c3"
            },
            "dist": {
                "type": "zip",
                "url": "https://api.github.com/repos/components/jquery/zipball/6cf38ee1fd04b6adf8e7dda161283aa35be818c3",
                "reference": "6cf38ee1fd04b6adf8e7dda161283aa35be818c3",
                "shasum": ""
            },
            "type": "component",
            "extra": {
                "component": {
                    "scripts": [
                        "jquery.js"
                    ],
                    "files": [
                        "jquery.min.js",
                        "jquery.min.map",
                        "jquery.slim.js",
                        "jquery.slim.min.js",
                        "jquery.slim.min.map"
                    ]
                }
            },
            "notification-url": "https://packagist.org/downloads/",
            "license": [
                "MIT"
            ],
            "authors": [
                {
                    "name": "JS Foundation and other contributors"
                }
            ],
            "description": "jQuery JavaScript Library",
            "homepage": "http://jquery.com",
            "support": {
                "forum": "http://forum.jquery.com",
                "irc": "irc://irc.freenode.org/jquery",
                "issues": "https://github.com/jquery/jquery/issues",
                "source": "https://github.com/jquery/jquery",
                "wiki": "http://docs.jquery.com/"
            },
            "time": "2021-03-20T19:13:42+00:00"
        },
        {
            "name": "laswitchtech/php-auth",
            "version": "v3.0.28",
            "source": {
                "type": "git",
                "url": "https://github.com/LouisOuellet/php-auth.git",
                "reference": "72075e51407bad44c6c41872a8b3769f89538fb8"
            },
            "dist": {
                "type": "zip",
                "url": "https://api.github.com/repos/LouisOuellet/php-auth/zipball/72075e51407bad44c6c41872a8b3769f89538fb8",
                "reference": "72075e51407bad44c6c41872a8b3769f89538fb8",
                "shasum": ""
            },
            "require": {
                "components/jquery": "^3.6",
                "laswitchtech/php-configurator": "^1.0",
                "laswitchtech/php-csrf": "^1.0",
                "laswitchtech/php-database": "^2.2",
                "laswitchtech/php-imap": "^2.0",
                "laswitchtech/php-logger": "^1.1",
                "laswitchtech/php-net": "^1.1",
                "laswitchtech/php-sms": "^1.0",
                "laswitchtech/php-smtp": "^2.0"
            },
            "type": "library",
            "autoload": {
                "psr-4": {
                    "LaswitchTech\\phpAUTH\\": "src/"
                }
            },
            "notification-url": "https://packagist.org/downloads/",
            "license": [
                "GPL-3.0-only"
            ],
            "authors": [
                {
                    "name": "Louis Ouellet",
                    "email": "louis_ouellet@hotmail.com"
                }
            ],
            "description": "Authentication and Authorization Library for PHP",
            "support": {
                "issues": "https://github.com/LouisOuellet/php-auth/issues",
                "source": "https://github.com/LouisOuellet/php-auth/tree/v3.0.28"
            },
            "time": "2023-07-06T18:48:54+00:00"
        },
        {
            "name": "laswitchtech/php-configurator",
            "version": "v1.0.3",
            "source": {
                "type": "git",
                "url": "https://github.com/LouisOuellet/php-configurator.git",
                "reference": "d507954eff978e6516a224b808cd1f7a7b504fb2"
            },
            "dist": {
                "type": "zip",
                "url": "https://api.github.com/repos/LouisOuellet/php-configurator/zipball/d507954eff978e6516a224b808cd1f7a7b504fb2",
                "reference": "d507954eff978e6516a224b808cd1f7a7b504fb2",
                "shasum": ""
            },
            "type": "library",
            "autoload": {
                "psr-4": {
                    "LaswitchTech\\phpConfigurator\\": "src/"
                }
            },
            "notification-url": "https://packagist.org/downloads/",
            "license": [
                "GPL-3.0-only"
            ],
            "authors": [
                {
                    "name": "Louis Ouellet",
                    "email": "louis_ouellet@hotmail.com"
                }
            ],
            "description": "Configurator Library for PHP Applications",
            "support": {
                "issues": "https://github.com/LouisOuellet/php-configurator/issues",
                "source": "https://github.com/LouisOuellet/php-configurator/tree/v1.0.3"
            },
            "time": "2023-04-18T13:57:45+00:00"
        },
        {
            "name": "laswitchtech/php-csrf",
            "version": "v1.1.4",
            "source": {
                "type": "git",
                "url": "https://github.com/LouisOuellet/php-csrf.git",
                "reference": "3e264a92c8a3fd9cc0ca6395d72becf931e6e367"
            },
            "dist": {
                "type": "zip",
                "url": "https://api.github.com/repos/LouisOuellet/php-csrf/zipball/3e264a92c8a3fd9cc0ca6395d72becf931e6e367",
                "reference": "3e264a92c8a3fd9cc0ca6395d72becf931e6e367",
                "shasum": ""
            },
            "require": {
                "laswitchtech/php-configurator": "^1.0",
                "laswitchtech/php-logger": "^1.0"
            },
            "type": "library",
            "autoload": {
                "psr-4": {
                    "LaswitchTech\\phpCSRF\\": "src/"
                }
            },
            "notification-url": "https://packagist.org/downloads/",
            "license": [
                "GPL-3.0-only"
            ],
            "authors": [
                {
                    "name": "Louis Ouellet",
                    "email": "louis_ouellet@hotmail.com"
                }
            ],
            "description": "CSRF Protection Library for PHP Applications",
            "support": {
                "issues": "https://github.com/LouisOuellet/php-csrf/issues",
                "source": "https://github.com/LouisOuellet/php-csrf/tree/v1.1.4"
            },
            "time": "2023-04-18T14:01:27+00:00"
        },
        {
            "name": "laswitchtech/php-database",
            "version": "v2.3.8",
            "source": {
                "type": "git",
                "url": "https://github.com/LouisOuellet/php-database.git",
                "reference": "3c3ef97beb9a672413e5ce442551ed1330a8c7d0"
            },
            "dist": {
                "type": "zip",
                "url": "https://api.github.com/repos/LouisOuellet/php-database/zipball/3c3ef97beb9a672413e5ce442551ed1330a8c7d0",
                "reference": "3c3ef97beb9a672413e5ce442551ed1330a8c7d0",
                "shasum": ""
            },
            "require": {
                "laswitchtech/php-configurator": "^1.0",
                "laswitchtech/php-logger": "^1.0",
                "laswitchtech/php-net": "^1.0",
                "php": "*"
            },
            "type": "library",
            "autoload": {
                "psr-4": {
                    "LaswitchTech\\phpDB\\": "src/",
                    "LaswitchTech\\phpDatabase\\": "src/"
                }
            },
            "notification-url": "https://packagist.org/downloads/",
            "license": [
                "GPL-3.0-only"
            ],
            "authors": [
                {
                    "name": "Louis Ouellet",
                    "email": "louis_ouellet@hotmail.com"
                }
            ],
            "description": "Database Class for PHP",
            "support": {
                "issues": "https://github.com/LouisOuellet/php-database/issues",
                "source": "https://github.com/LouisOuellet/php-database/tree/v2.3.8"
            },
            "time": "2023-07-06T18:47:18+00:00"
        },
        {
            "name": "laswitchtech/php-imap",
            "version": "v2.1.3",
            "source": {
                "type": "git",
                "url": "https://github.com/LouisOuellet/php-imap.git",
                "reference": "31b329e370b23137e91e9345a642d578a7d1092d"
            },
            "dist": {
                "type": "zip",
                "url": "https://api.github.com/repos/LouisOuellet/php-imap/zipball/31b329e370b23137e91e9345a642d578a7d1092d",
                "reference": "31b329e370b23137e91e9345a642d578a7d1092d",
                "shasum": ""
            },
            "require": {
                "laswitchtech/php-configurator": "^1.0",
                "laswitchtech/php-logger": "^1.0",
                "laswitchtech/php-net": "^1.0"
            },
            "type": "library",
            "autoload": {
                "psr-4": {
                    "LaswitchTech\\IMAP\\": "src/"
                }
            },
            "notification-url": "https://packagist.org/downloads/",
            "license": [
                "GPL-3.0-only"
            ],
            "authors": [
                {
                    "name": "Louis Ouellet",
                    "email": "louis_ouellet@hotmail.com"
                }
            ],
            "description": "phpIMAP is a full-featured mailbox management class for PHP",
            "support": {
                "issues": "https://github.com/LouisOuellet/php-imap/issues",
                "source": "https://github.com/LouisOuellet/php-imap/tree/v2.1.3"
            },
            "time": "2023-04-18T14:03:05+00:00"
        },
        {
            "name": "laswitchtech/php-logger",
            "version": "v1.2.7",
            "source": {
                "type": "git",
                "url": "https://github.com/LouisOuellet/php-logger.git",
                "reference": "e04129e68fe39648c2725252f85a62cf8888ae3c"
            },
            "dist": {
                "type": "zip",
                "url": "https://api.github.com/repos/LouisOuellet/php-logger/zipball/e04129e68fe39648c2725252f85a62cf8888ae3c",
                "reference": "e04129e68fe39648c2725252f85a62cf8888ae3c",
                "shasum": ""
            },
            "require": {
                "laswitchtech/php-configurator": "^1.0"
            },
            "type": "library",
            "autoload": {
                "psr-4": {
                    "LaswitchTech\\phpLogger\\": "src/"
                }
            },
            "notification-url": "https://packagist.org/downloads/",
            "license": [
                "GPL-3.0-only"
            ],
            "authors": [
                {
                    "name": "Louis Ouellet",
                    "email": "louis_ouellet@hotmail.com"
                }
            ],
            "description": "Easy to use logging library for PHP",
            "support": {
                "issues": "https://github.com/LouisOuellet/php-logger/issues",
                "source": "https://github.com/LouisOuellet/php-logger/tree/v1.2.7"
            },
            "time": "2023-04-18T13:59:02+00:00"
        },
        {
            "name": "laswitchtech/php-net",
            "version": "v1.1.7",
            "source": {
                "type": "git",
                "url": "https://github.com/LouisOuellet/php-net.git",
                "reference": "6e726aabd3cc9042f1cd1ae954f3baaa5ae64d40"
            },
            "dist": {
                "type": "zip",
                "url": "https://api.github.com/repos/LouisOuellet/php-net/zipball/6e726aabd3cc9042f1cd1ae954f3baaa5ae64d40",
                "reference": "6e726aabd3cc9042f1cd1ae954f3baaa5ae64d40",
                "shasum": ""
            },
            "require": {
                "laswitchtech/php-logger": "^1.1"
            },
            "type": "library",
            "autoload": {
                "psr-4": {
                    "LaswitchTech\\phpNet\\": "src/"
                }
            },
            "notification-url": "https://packagist.org/downloads/",
            "license": [
                "GPL-3.0-only"
            ],
            "authors": [
                {
                    "name": "Louis Ouellet",
                    "email": "louis_ouellet@hotmail.com"
                }
            ],
            "description": "Network Tools Library for PHP",
            "support": {
                "issues": "https://github.com/LouisOuellet/php-net/issues",
                "source": "https://github.com/LouisOuellet/php-net/tree/v1.1.7"
            },
            "time": "2023-04-18T13:59:47+00:00"
        },
        {
            "name": "laswitchtech/php-sms",
            "version": "v1.0.10",
            "source": {
                "type": "git",
                "url": "https://github.com/LouisOuellet/php-sms.git",
                "reference": "031f543b95aab171030632b1fb95a916e8825c41"
            },
            "dist": {
                "type": "zip",
                "url": "https://api.github.com/repos/LouisOuellet/php-sms/zipball/031f543b95aab171030632b1fb95a916e8825c41",
                "reference": "031f543b95aab171030632b1fb95a916e8825c41",
                "shasum": ""
            },
            "require": {
                "laswitchtech/php-configurator": "^1.0",
                "laswitchtech/php-logger": "^1.2"
            },
            "type": "library",
            "autoload": {
                "psr-4": {
                    "LaswitchTech\\phpSMS\\": "src/"
                }
            },
            "notification-url": "https://packagist.org/downloads/",
            "license": [
                "GPL-3.0-only"
            ],
            "authors": [
                {
                    "name": "Louis Ouellet",
                    "email": "louis_ouellet@hotmail.com"
                }
            ],
            "description": "SMS Library for PHP Applications",
            "support": {
                "issues": "https://github.com/LouisOuellet/php-sms/issues",
                "source": "https://github.com/LouisOuellet/php-sms/tree/v1.0.10"
            },
            "time": "2023-04-18T14:03:45+00:00"
        },
        {
            "name": "laswitchtech/php-smtp",
            "version": "v2.1.3",
            "source": {
                "type": "git",
                "url": "https://github.com/LouisOuellet/php-smtp.git",
                "reference": "4b251d69a9584adb9fb45da793228318830b6017"
            },
            "dist": {
                "type": "zip",
                "url": "https://api.github.com/repos/LouisOuellet/php-smtp/zipball/4b251d69a9584adb9fb45da793228318830b6017",
                "reference": "4b251d69a9584adb9fb45da793228318830b6017",
                "shasum": ""
            },
            "require": {
                "laswitchtech/php-configurator": "^1.0",
                "laswitchtech/php-logger": "^1.0",
                "laswitchtech/php-net": "^1.0"
            },
            "type": "library",
            "autoload": {
                "psr-4": {
                    "LaswitchTech\\SMTP\\": "src/"
                }
            },
            "notification-url": "https://packagist.org/downloads/",
            "license": [
                "GPL-3.0-only"
            ],
            "authors": [
                {
                    "name": "Louis Ouellet",
                    "email": "louis_ouellet@hotmail.com"
                }
            ],
            "description": "This PHP SMTP email library provides a simple and easy-to-use solution for sending emails using SMTP servers.",
            "support": {
                "issues": "https://github.com/LouisOuellet/php-smtp/issues",
                "source": "https://github.com/LouisOuellet/php-smtp/tree/v2.1.3"
            },
            "time": "2023-04-18T14:02:07+00:00"
        }
    ],
    "packages-dev": [],
    "aliases": [],
    "minimum-stability": "stable",
    "stability-flags": [],
    "prefer-stable": false,
    "prefer-lowest": false,
    "platform": [],
    "platform-dev": [],
    "plugin-api-version": "2.3.0"
}
